
Microsoft Visual Studio Solution File, Format Version 12.00
# Visual Studio Version 16
VisualStudioVersion = 16.0.30621.155
MinimumVisualStudioVersion = 10.0.40219.1
Project("{FAE04EC0-301F-11D3-BF4B-00C04F79EFBC}") = "u20553715_HW03", "u20553715_HW03.csproj", "{3A0F90CB-8A67-4CAE-8104-16D71F12BE5E}"
EndProject
Global
	GlobalSection(SolutionConfigurationPlatforms) = preSolution
		Debug|Any CPU = Debug|Any CPU
		Release|Any CPU = Release|Any CPU
	EndGlobalSection
	GlobalSection(ProjectConfigurationPlatforms) = postSolution
		{3A0F90CB-8A67-4CAE-8104-16D71F12BE5E}.Debug|Any CPU.ActiveCfg = Debug|Any CPU
		{3A0F90CB-8A67-4CAE-8104-16D71F12BE5E}.Debug|Any CPU.Build.0 = Debug|Any CPU
		{3A0F90CB-8A67-4CAE-8104-16D71F12BE5E}.Release|Any CPU.ActiveCfg = Release|Any CPU
		{3A0F90CB-8A67-4CAE-8104-16D71F12BE5E}.Release|Any CPU.Build.0 = Release|Any CPU
	EndGlobalSection
	GlobalSection(SolutionProperties) = preSolution
		HideSolutionNode = FALSE
	EndGlobalSection
	GlobalSection(ExtensibilityGlobals) = postSolution
		SolutionGuid = {E4CA31D3-E838-4010-AF77-CDB86ED1249F}
	EndGlobalSection
EndGlobal
